
Microsoft Visual Studio Solution File, Format Version 12.00
# Visual Studio Version 16
VisualStudioVersion = 16.0.28803.202
MinimumVisualStudioVersion = 10.0.40219.1
Project("{FAE04EC0-301F-11D3-BF4B-00C04F79EFBC}") = "SequentialPuzzleSolver", "SequentialPuzzleSolver\SequentialPuzzleSolver.csproj", "{4775AE46-30C3-480B-960A-E271992D3EBF}"
EndProject
Global
	GlobalSection(SolutionConfigurationPlatforms) = preSolution
		Debug|Any CPU = Debug|Any CPU
		Release|Any CPU = Release|Any CPU
	EndGlobalSection
	GlobalSection(ProjectConfigurationPlatforms) = postSolution
		{4775AE46-30C3-480B-960A-E271992D3EBF}.Debug|Any CPU.ActiveCfg = Debug|Any CPU
		{4775AE46-30C3-480B-960A-E271992D3EBF}.Debug|Any CPU.Build.0 = Debug|Any CPU
		{4775AE46-30C3-480B-960A-E271992D3EBF}.Release|Any CPU.ActiveCfg = Release|Any CPU
		{4775AE46-30C3-480B-960A-E271992D3EBF}.Release|Any CPU.Build.0 = Release|Any CPU
	EndGlobalSection
	GlobalSection(SolutionProperties) = preSolution
		HideSolutionNode = FALSE
	EndGlobalSection
	GlobalSection(ExtensibilityGlobals) = postSolution
		SolutionGuid = {AD6517AC-5863-483D-8075-D6EDD31D0562}
	EndGlobalSection
EndGlobal
